
Microsoft Visual Studio Solution File, Format Version 12.00
# Visual Studio 2012
Project("{FAE04EC0-301F-11D3-BF4B-00C04F79EFBC}") = "DataImporterUnitTests", "UnitTestProject2\DataImporterUnitTests.csproj", "{D0AE294F-B953-4185-A5F6-D636B6BE2D42}"
EndProject
Project("{FAE04EC0-301F-11D3-BF4B-00C04F79EFBC}") = "DataImporter", "DataImporter\DataImporter.csproj", "{1747AD00-4487-42B0-B453-D579A4E3A4F3}"
EndProject
Global
	GlobalSection(SolutionConfigurationPlatforms) = preSolution
		Debug|Any CPU = Debug|Any CPU
		Release|Any CPU = Release|Any CPU
	EndGlobalSection
	GlobalSection(ProjectConfigurationPlatforms) = postSolution
		{D0AE294F-B953-4185-A5F6-D636B6BE2D42}.Debug|Any CPU.ActiveCfg = Debug|Any CPU
		{D0AE294F-B953-4185-A5F6-D636B6BE2D42}.Debug|Any CPU.Build.0 = Debug|Any CPU
		{D0AE294F-B953-4185-A5F6-D636B6BE2D42}.Release|Any CPU.ActiveCfg = Release|Any CPU
		{D0AE294F-B953-4185-A5F6-D636B6BE2D42}.Release|Any CPU.Build.0 = Release|Any CPU
		{1747AD00-4487-42B0-B453-D579A4E3A4F3}.Debug|Any CPU.ActiveCfg = Debug|Any CPU
		{1747AD00-4487-42B0-B453-D579A4E3A4F3}.Debug|Any CPU.Build.0 = Debug|Any CPU
		{1747AD00-4487-42B0-B453-D579A4E3A4F3}.Release|Any CPU.ActiveCfg = Release|Any CPU
		{1747AD00-4487-42B0-B453-D579A4E3A4F3}.Release|Any CPU.Build.0 = Release|Any CPU
	EndGlobalSection
	GlobalSection(SolutionProperties) = preSolution
		HideSolutionNode = FALSE
	EndGlobalSection
EndGlobal
